Microsoft Visual Studio Solution File, Format Version 11.00
# Visual Studio 2008

Project("{779A1CA4-0136-FDAF-649C-9659C8B3C353}") = "SOAR-BTHS-Visualization-MassesOfMoles", "Assembly-CSharp-firstpass.csproj", "{DD1F45B6-6B91-CC17-5E22-914433709E4B}"
EndProject
Project("{779A1CA4-0136-FDAF-649C-9659C8B3C353}") = "SOAR-BTHS-Visualization-MassesOfMoles", "Assembly-CSharp.csproj", "{9749FC2C-CE25-5F4E-6B3B-EAC40A59718F}"
EndProject
Project("{779A1CA4-0136-FDAF-649C-9659C8B3C353}") = "SOAR-BTHS-Visualization-MassesOfMoles", "Assembly-CSharp-Editor-firstpass.csproj", "{A3F048AD-131B-FB86-8BAE-08724C05B022}"
EndProject
Global
	GlobalSection(SolutionConfigurationPlatforms) = preSolution
		Debug|Any CPU = Debug|Any CPU
		Release|Any CPU = Release|Any CPU
	EndGlobalSection
	GlobalSection(ProjectConfigurationPlatforms) = postSolution
		{DD1F45B6-6B91-CC17-5E22-914433709E4B}.Debug|Any CPU.ActiveCfg = Debug|Any CPU
		{DD1F45B6-6B91-CC17-5E22-914433709E4B}.Debug|Any CPU.Build.0 = Debug|Any CPU
		{DD1F45B6-6B91-CC17-5E22-914433709E4B}.Release|Any CPU.ActiveCfg = Release|Any CPU
		{DD1F45B6-6B91-CC17-5E22-914433709E4B}.Release|Any CPU.Build.0 = Release|Any CPU
		{9749FC2C-CE25-5F4E-6B3B-EAC40A59718F}.Debug|Any CPU.ActiveCfg = Debug|Any CPU
		{9749FC2C-CE25-5F4E-6B3B-EAC40A59718F}.Debug|Any CPU.Build.0 = Debug|Any CPU
		{9749FC2C-CE25-5F4E-6B3B-EAC40A59718F}.Release|Any CPU.ActiveCfg = Release|Any CPU
		{9749FC2C-CE25-5F4E-6B3B-EAC40A59718F}.Release|Any CPU.Build.0 = Release|Any CPU
		{A3F048AD-131B-FB86-8BAE-08724C05B022}.Debug|Any CPU.ActiveCfg = Debug|Any CPU
		{A3F048AD-131B-FB86-8BAE-08724C05B022}.Debug|Any CPU.Build.0 = Debug|Any CPU
		{A3F048AD-131B-FB86-8BAE-08724C05B022}.Release|Any CPU.ActiveCfg = Release|Any CPU
		{A3F048AD-131B-FB86-8BAE-08724C05B022}.Release|Any CPU.Build.0 = Release|Any CPU
	EndGlobalSection
	GlobalSection(SolutionProperties) = preSolution
		HideSolutionNode = FALSE
	EndGlobalSection
	GlobalSection(MonoDevelopProperties) = preSolution
		StartupItem = Assembly-CSharp.csproj
	EndGlobalSection
EndGlobal
